---
FARMERS_BLOCK_SIMPLE_1:
  title: Farmers Block - simple
  notes: Some random note
  total_area: 10
  eligible_area: 9
  soil_type: 'SoilType(SOIL_TYPE_1)'
  agricultural_type: 'AgriculturalType(AGRICULTURAL_TYPE_ARABLE_LAND)'
  geometry: 'POLYGON((0 0,1 0,1 1,0 1,0 0))'

FARMERS_BLOCK_NESTED_1:
  title: Farmers Block - nested
  notes: Some random note
  total_area: 10
  eligible_area: 9
  soil_type: 'SoilType(SOIL_TYPE_1)'
  agricultural_type: 'AgriculturalType(AGRICULTURAL_TYPE_ARABLE_LAND)'
  parcels_add: ['AgriculturalParcel(AGRICULTURAL_PARCEL_SIMPLE_3)']
  geometry: 'POLYGON((0 0,1 0,1 1,0 1,0 0))'

